
Microsoft Visual Studio Solution File, Format Version 12.00
# Visual Studio Version 17
VisualStudioVersion = 17.5.33530.505
MinimumVisualStudioVersion = 10.0.40219.1
Project("{2150E333-8FDC-42A3-9474-1A3956D46DE8}") = "1 - Start", "1 - Start", "{C6013E2A-CB4F-42EA-977C-8506E95D76B3}"
EndProject
Project("{2150E333-8FDC-42A3-9474-1A3956D46DE8}") = "3 - Demo", "3 - Demo", "{18D7DABB-82D4-4B81-8DAA-E5C0BB48CCDF}"
EndProject
Project("{2150E333-8FDC-42A3-9474-1A3956D46DE8}") = "4 - Finished", "4 - Finished", "{9897E885-DF06-4AC5-AC2A-CD59F75BB7C3}"
EndProject
Project("{2150E333-8FDC-42A3-9474-1A3956D46DE8}") = "2 - Prepared", "2 - Prepared", "{C736B744-6158-4E12-A46E-AE14E2ED5197}"
EndProject
Project("{FAE04EC0-301F-11D3-BF4B-00C04F79EFBC}") = "RoadTakenDemo-Start", "1 - Start\1 - Start RoadTakenDemo\RoadTakenDemo-Start.csproj", "{73276B98-1338-4F75-A407-AA385812E442}"
EndProject
Project("{FAE04EC0-301F-11D3-BF4B-00C04F79EFBC}") = "RoadTakenDemo-Prepared", "2 - Prepared\RoadTakenDemo-Prepared\RoadTakenDemo-Prepared.csproj", "{D5EC9C98-657E-4B1E-8103-DC57120F595D}"
EndProject
Project("{FAE04EC0-301F-11D3-BF4B-00C04F79EFBC}") = "RoadTakenDemo-Demo", "3 - Demo\RoadTakenDemo-Demo\RoadTakenDemo-Demo.csproj", "{1C29AF9D-6177-4895-95F2-230B36A69A4A}"
EndProject
Project("{FAE04EC0-301F-11D3-BF4B-00C04F79EFBC}") = "RoadTakenDemo-Finished", "4 - Finished\RoadTakenDemo-Finished\RoadTakenDemo-Finished.csproj", "{644365BE-1940-4C52-9E5A-2A28D8044760}"
EndProject
Project("{FAE04EC0-301F-11D3-BF4B-00C04F79EFBC}") = "RoadTakenDemo-Finished-Abstractions", "4 - Finished\RoadTakenDemo-Finished-Abstractions\RoadTakenDemo-Finished-Abstractions.csproj", "{8A2CECF2-BBDC-4398-8AC5-A898367A3213}"
EndProject
Project("{FAE04EC0-301F-11D3-BF4B-00C04F79EFBC}") = "RoadTakenDemo-Finished-Implementation", "4 - Finished\RoadTakenDemo-Finished\RoadTakenDemo-Finished-Implementation\RoadTakenDemo-Finished-Implementation.csproj", "{01FE18E6-8E04-4621-AC61-CEB1E55A5610}"
EndProject
Project("{FAE04EC0-301F-11D3-BF4B-00C04F79EFBC}") = "RoadTakenDemo-Framework", "4 - Finished\RoadTakenDemo-Framework\RoadTakenDemo-Framework.csproj", "{FA67AB0F-1F56-4D94-AF23-D83D7F6A542E}"
EndProject
Project("{FAE04EC0-301F-11D3-BF4B-00C04F79EFBC}") = "RoadTakenDemo-Finished-NET8", "RoadTakenDemo-Finished-NET8\RoadTakenDemo-Finished-NET8.csproj", "{BDFB1A37-C801-4E69-BD02-FEF1F3D30B49}"
EndProject
Global
	GlobalSection(SolutionConfigurationPlatforms) = preSolution
		Debug|Any CPU = Debug|Any CPU
		Release|Any CPU = Release|Any CPU
	EndGlobalSection
	GlobalSection(ProjectConfigurationPlatforms) = postSolution
		{73276B98-1338-4F75-A407-AA385812E442}.Debug|Any CPU.ActiveCfg = Debug|Any CPU
		{73276B98-1338-4F75-A407-AA385812E442}.Debug|Any CPU.Build.0 = Debug|Any CPU
		{73276B98-1338-4F75-A407-AA385812E442}.Release|Any CPU.ActiveCfg = Release|Any CPU
		{73276B98-1338-4F75-A407-AA385812E442}.Release|Any CPU.Build.0 = Release|Any CPU
		{D5EC9C98-657E-4B1E-8103-DC57120F595D}.Debug|Any CPU.ActiveCfg = Debug|Any CPU
		{D5EC9C98-657E-4B1E-8103-DC57120F595D}.Debug|Any CPU.Build.0 = Debug|Any CPU
		{D5EC9C98-657E-4B1E-8103-DC57120F595D}.Release|Any CPU.ActiveCfg = Release|Any CPU
		{D5EC9C98-657E-4B1E-8103-DC57120F595D}.Release|Any CPU.Build.0 = Release|Any CPU
		{1C29AF9D-6177-4895-95F2-230B36A69A4A}.Debug|Any CPU.ActiveCfg = Debug|Any CPU
		{1C29AF9D-6177-4895-95F2-230B36A69A4A}.Debug|Any CPU.Build.0 = Debug|Any CPU
		{1C29AF9D-6177-4895-95F2-230B36A69A4A}.Release|Any CPU.ActiveCfg = Release|Any CPU
		{1C29AF9D-6177-4895-95F2-230B36A69A4A}.Release|Any CPU.Build.0 = Release|Any CPU
		{644365BE-1940-4C52-9E5A-2A28D8044760}.Debug|Any CPU.ActiveCfg = Debug|Any CPU
		{644365BE-1940-4C52-9E5A-2A28D8044760}.Debug|Any CPU.Build.0 = Debug|Any CPU
		{644365BE-1940-4C52-9E5A-2A28D8044760}.Release|Any CPU.ActiveCfg = Release|Any CPU
		{644365BE-1940-4C52-9E5A-2A28D8044760}.Release|Any CPU.Build.0 = Release|Any CPU
		{8A2CECF2-BBDC-4398-8AC5-A898367A3213}.Debug|Any CPU.ActiveCfg = Debug|Any CPU
		{8A2CECF2-BBDC-4398-8AC5-A898367A3213}.Debug|Any CPU.Build.0 = Debug|Any CPU
		{8A2CECF2-BBDC-4398-8AC5-A898367A3213}.Release|Any CPU.ActiveCfg = Release|Any CPU
		{8A2CECF2-BBDC-4398-8AC5-A898367A3213}.Release|Any CPU.Build.0 = Release|Any CPU
		{01FE18E6-8E04-4621-AC61-CEB1E55A5610}.Debug|Any CPU.ActiveCfg = Debug|Any CPU
		{01FE18E6-8E04-4621-AC61-CEB1E55A5610}.Debug|Any CPU.Build.0 = Debug|Any CPU
		{01FE18E6-8E04-4621-AC61-CEB1E55A5610}.Release|Any CPU.ActiveCfg = Release|Any CPU
		{01FE18E6-8E04-4621-AC61-CEB1E55A5610}.Release|Any CPU.Build.0 = Release|Any CPU
		{FA67AB0F-1F56-4D94-AF23-D83D7F6A542E}.Debug|Any CPU.ActiveCfg = Debug|Any CPU
		{FA67AB0F-1F56-4D94-AF23-D83D7F6A542E}.Debug|Any CPU.Build.0 = Debug|Any CPU
		{FA67AB0F-1F56-4D94-AF23-D83D7F6A542E}.Release|Any CPU.ActiveCfg = Release|Any CPU
		{FA67AB0F-1F56-4D94-AF23-D83D7F6A542E}.Release|Any CPU.Build.0 = Release|Any CPU
		{BDFB1A37-C801-4E69-BD02-FEF1F3D30B49}.Debug|Any CPU.ActiveCfg = Debug|Any CPU
		{BDFB1A37-C801-4E69-BD02-FEF1F3D30B49}.Debug|Any CPU.Build.0 = Debug|Any CPU
		{BDFB1A37-C801-4E69-BD02-FEF1F3D30B49}.Release|Any CPU.ActiveCfg = Release|Any CPU
		{BDFB1A37-C801-4E69-BD02-FEF1F3D30B49}.Release|Any CPU.Build.0 = Release|Any CPU
	EndGlobalSection
	GlobalSection(SolutionProperties) = preSolution
		HideSolutionNode = FALSE
	EndGlobalSection
	GlobalSection(NestedProjects) = preSolution
		{73276B98-1338-4F75-A407-AA385812E442} = {C6013E2A-CB4F-42EA-977C-8506E95D76B3}
		{D5EC9C98-657E-4B1E-8103-DC57120F595D} = {C736B744-6158-4E12-A46E-AE14E2ED5197}
		{1C29AF9D-6177-4895-95F2-230B36A69A4A} = {18D7DABB-82D4-4B81-8DAA-E5C0BB48CCDF}
		{644365BE-1940-4C52-9E5A-2A28D8044760} = {9897E885-DF06-4AC5-AC2A-CD59F75BB7C3}
		{8A2CECF2-BBDC-4398-8AC5-A898367A3213} = {9897E885-DF06-4AC5-AC2A-CD59F75BB7C3}
		{01FE18E6-8E04-4621-AC61-CEB1E55A5610} = {9897E885-DF06-4AC5-AC2A-CD59F75BB7C3}
		{FA67AB0F-1F56-4D94-AF23-D83D7F6A542E} = {9897E885-DF06-4AC5-AC2A-CD59F75BB7C3}
		{BDFB1A37-C801-4E69-BD02-FEF1F3D30B49} = {9897E885-DF06-4AC5-AC2A-CD59F75BB7C3}
	EndGlobalSection
	GlobalSection(ExtensibilityGlobals) = postSolution
		SolutionGuid = {A1B4F64F-8504-4BA7-AD94-258B52BED2DC}
	EndGlobalSection
EndGlobal
